
Microsoft Visual Studio Solution File, Format Version 12.00
# Visual Studio Version 17
VisualStudioVersion = 17.2.32616.157
MinimumVisualStudioVersion = 10.0.40219.1
Project("{FAE04EC0-301F-11D3-BF4B-00C04F79EFBC}") = "TacoCatMVC", "TacoCatMVC\TacoCatMVC.csproj", "{542A1C1B-A6A7-4E1B-BB98-FC7312B1859D}"
EndProject
Global
	GlobalSection(SolutionConfigurationPlatforms) = preSolution
		Debug|Any CPU = Debug|Any CPU
		Release|Any CPU = Release|Any CPU
	EndGlobalSection
	GlobalSection(ProjectConfigurationPlatforms) = postSolution
		{542A1C1B-A6A7-4E1B-BB98-FC7312B1859D}.Debug|Any CPU.ActiveCfg = Debug|Any CPU
		{542A1C1B-A6A7-4E1B-BB98-FC7312B1859D}.Debug|Any CPU.Build.0 = Debug|Any CPU
		{542A1C1B-A6A7-4E1B-BB98-FC7312B1859D}.Release|Any CPU.ActiveCfg = Release|Any CPU
		{542A1C1B-A6A7-4E1B-BB98-FC7312B1859D}.Release|Any CPU.Build.0 = Release|Any CPU
	EndGlobalSection
	GlobalSection(SolutionProperties) = preSolution
		HideSolutionNode = FALSE
	EndGlobalSection
	GlobalSection(ExtensibilityGlobals) = postSolution
		SolutionGuid = {03AF03F4-5C65-4AA5-AAC6-3B1D5580C181}
	EndGlobalSection
EndGlobal
